
Microsoft Visual Studio Solution File, Format Version 12.00
# Visual Studio Version 16
VisualStudioVersion = 16.0.30711.63
MinimumVisualStudioVersion = 10.0.40219.1
Project("{FAE04EC0-301F-11D3-BF4B-00C04F79EFBC}") = "CapaPresentación", "CapaPresentación\CapaPresentación.csproj", "{F20AFD25-8EA2-412C-93D2-8C1E07E649DD}"
EndProject
Project("{FAE04EC0-301F-11D3-BF4B-00C04F79EFBC}") = "CapaNegocio", "CapaNegocio\CapaNegocio.csproj", "{AE0E95F9-93E1-4CA6-A5AA-9EF44EA2660E}"
EndProject
Project("{FAE04EC0-301F-11D3-BF4B-00C04F79EFBC}") = "CapaEntidades", "CapaEntidades\CapaEntidades.csproj", "{FA826685-371E-49B4-96AB-E8FEC82C7972}"
EndProject
Project("{FAE04EC0-301F-11D3-BF4B-00C04F79EFBC}") = "CapaDatos", "CapaDatos\CapaDatos.csproj", "{ED2836B2-4CDC-4A2F-95E7-00848434A1A3}"
EndProject
Global
	GlobalSection(SolutionConfigurationPlatforms) = preSolution
		Debug|Any CPU = Debug|Any CPU
		Release|Any CPU = Release|Any CPU
	EndGlobalSection
	GlobalSection(ProjectConfigurationPlatforms) = postSolution
		{F20AFD25-8EA2-412C-93D2-8C1E07E649DD}.Debug|Any CPU.ActiveCfg = Debug|Any CPU
		{F20AFD25-8EA2-412C-93D2-8C1E07E649DD}.Debug|Any CPU.Build.0 = Debug|Any CPU
		{F20AFD25-8EA2-412C-93D2-8C1E07E649DD}.Release|Any CPU.ActiveCfg = Release|Any CPU
		{F20AFD25-8EA2-412C-93D2-8C1E07E649DD}.Release|Any CPU.Build.0 = Release|Any CPU
		{AE0E95F9-93E1-4CA6-A5AA-9EF44EA2660E}.Debug|Any CPU.ActiveCfg = Debug|Any CPU
		{AE0E95F9-93E1-4CA6-A5AA-9EF44EA2660E}.Debug|Any CPU.Build.0 = Debug|Any CPU
		{AE0E95F9-93E1-4CA6-A5AA-9EF44EA2660E}.Release|Any CPU.ActiveCfg = Release|Any CPU
		{AE0E95F9-93E1-4CA6-A5AA-9EF44EA2660E}.Release|Any CPU.Build.0 = Release|Any CPU
		{FA826685-371E-49B4-96AB-E8FEC82C7972}.Debug|Any CPU.ActiveCfg = Debug|Any CPU
		{FA826685-371E-49B4-96AB-E8FEC82C7972}.Debug|Any CPU.Build.0 = Debug|Any CPU
		{FA826685-371E-49B4-96AB-E8FEC82C7972}.Release|Any CPU.ActiveCfg = Release|Any CPU
		{FA826685-371E-49B4-96AB-E8FEC82C7972}.Release|Any CPU.Build.0 = Release|Any CPU
		{ED2836B2-4CDC-4A2F-95E7-00848434A1A3}.Debug|Any CPU.ActiveCfg = Debug|Any CPU
		{ED2836B2-4CDC-4A2F-95E7-00848434A1A3}.Debug|Any CPU.Build.0 = Debug|Any CPU
		{ED2836B2-4CDC-4A2F-95E7-00848434A1A3}.Release|Any CPU.ActiveCfg = Release|Any CPU
		{ED2836B2-4CDC-4A2F-95E7-00848434A1A3}.Release|Any CPU.Build.0 = Release|Any CPU
	EndGlobalSection
	GlobalSection(SolutionProperties) = preSolution
		HideSolutionNode = FALSE
	EndGlobalSection
	GlobalSection(ExtensibilityGlobals) = postSolution
		SolutionGuid = {5828FFF3-DD01-4E4C-BFD8-C84B0F1A7C40}
	EndGlobalSection
EndGlobal
