
Microsoft Visual Studio Solution File, Format Version 12.00
# Visual Studio Version 16
VisualStudioVersion = 16.0.30711.63
MinimumVisualStudioVersion = 10.0.40219.1
Project("{FAE04EC0-301F-11D3-BF4B-00C04F79EFBC}") = "ApiAuto", "ApiAuto\ApiAuto.csproj", "{FDA58D6C-3E96-4D79-A9D6-91160C1DB2EF}"
EndProject
Global
	GlobalSection(SolutionConfigurationPlatforms) = preSolution
		Debug|Any CPU = Debug|Any CPU
		Release|Any CPU = Release|Any CPU
	EndGlobalSection
	GlobalSection(ProjectConfigurationPlatforms) = postSolution
		{FDA58D6C-3E96-4D79-A9D6-91160C1DB2EF}.Debug|Any CPU.ActiveCfg = Debug|Any CPU
		{FDA58D6C-3E96-4D79-A9D6-91160C1DB2EF}.Debug|Any CPU.Build.0 = Debug|Any CPU
		{FDA58D6C-3E96-4D79-A9D6-91160C1DB2EF}.Release|Any CPU.ActiveCfg = Release|Any CPU
		{FDA58D6C-3E96-4D79-A9D6-91160C1DB2EF}.Release|Any CPU.Build.0 = Release|Any CPU
	EndGlobalSection
	GlobalSection(SolutionProperties) = preSolution
		HideSolutionNode = FALSE
	EndGlobalSection
	GlobalSection(ExtensibilityGlobals) = postSolution
		SolutionGuid = {E57AC280-02A4-4A16-BD94-40D3C5F1BB5A}
	EndGlobalSection
EndGlobal
